// !$*UTF8*$!
{
	archiveVersion = 1;
	classes = {
	};
	objectVersion = 46;
	objects = {

/* Begin PBXBuildFile section */
		475E0BF015F607E200854801 /* CoreImage.framework in Frameworks */ = {isa = PBXBuildFile; fileRef = 475E0BEF15F607E200854801 /* CoreImage.framework */; };
		475E0BF315F607F200854801 /* libz.1.2.5.dylib in Frameworks */ = {isa = PBXBuildFile; fileRef = 475E0BF215F607F200854801 /* libz.1.2.5.dylib */; };
		475E0BF515F6094700854801 /* libcommonCrypto.dylib in Frameworks */ = {isa = PBXBuildFile; fileRef = 475E0BF415F6094700854801 /* libcommonCrypto.dylib */; };
		477815B215F4E2D5009B8A1B /* ipad2-welcom.jpg in Resources */ = {isa = PBXBuildFile; fileRef = 477815AF15F4E2D5009B8A1B /* ipad2-welcom.jpg */; };
		477815B315F4E2D5009B8A1B /* ipad3-welcom.jpg in Resources */ = {isa = PBXBuildFile; fileRef = 477815B015F4E2D5009B8A1B /* ipad3-welcom.jpg */; };
		477815B415F4E2D5009B8A1B /* Lesson list.csv in Resources */ = {isa = PBXBuildFile; fileRef = 477815B115F4E2D5009B8A1B /* Lesson list.csv */; };
		477815B615F4E2F3009B8A1B /* ipad2-welcom.png in Resources */ = {isa = PBXBuildFile; fileRef = 477815B515F4E2F3009B8A1B /* ipad2-welcom.png */; };
		477815B815F4E2FE009B8A1B /* Default-Landscape~ipad.png in Resources */ = {isa = PBXBuildFile; fileRef = 477815B715F4E2FE009B8A1B /* Default-Landscape~ipad.png */; };
		477815D115F4E3FD009B8A1B /* ASIAuthenticationDialog.m in Sources */ = {isa = PBXBuildFile; fileRef = 477815BC15F4E3FD009B8A1B /* ASIAuthenticationDialog.m */; };
		477815D215F4E3FD009B8A1B /* ASIDataCompressor.m in Sources */ = {isa = PBXBuildFile; fileRef = 477815BF15F4E3FD009B8A1B /* ASIDataCompressor.m */; };
		477815D315F4E3FD009B8A1B /* ASIDataDecompressor.m in Sources */ = {isa = PBXBuildFile; fileRef = 477815C115F4E3FD009B8A1B /* ASIDataDecompressor.m */; };
		477815D415F4E3FD009B8A1B /* ASIDownloadCache.m in Sources */ = {isa = PBXBuildFile; fileRef = 477815C315F4E3FD009B8A1B /* ASIDownloadCache.m */; };
		477815D515F4E3FD009B8A1B /* ASIFormDataRequest.m in Sources */ = {isa = PBXBuildFile; fileRef = 477815C515F4E3FD009B8A1B /* ASIFormDataRequest.m */; };
		477815D615F4E3FD009B8A1B /* ASIHTTPRequest.m in Sources */ = {isa = PBXBuildFile; fileRef = 477815C715F4E3FD009B8A1B /* ASIHTTPRequest.m */; };
		477815D715F4E3FD009B8A1B /* ASIInputStream.m in Sources */ = {isa = PBXBuildFile; fileRef = 477815CB15F4E3FD009B8A1B /* ASIInputStream.m */; };
		477815D815F4E3FD009B8A1B /* ASINetworkQueue.m in Sources */ = {isa = PBXBuildFile; fileRef = 477815CD15F4E3FD009B8A1B /* ASINetworkQueue.m */; };
		477815EF15F4E44E009B8A1B /* EGOCache.m in Sources */ = {isa = PBXBuildFile; fileRef = 477815E115F4E44E009B8A1B /* EGOCache.m */; };
		477815F015F4E44E009B8A1B /* EGOImageButton.m in Sources */ = {isa = PBXBuildFile; fileRef = 477815E415F4E44E009B8A1B /* EGOImageButton.m */; };
		477815F115F4E44E009B8A1B /* EGOImageLoadConnection.m in Sources */ = {isa = PBXBuildFile; fileRef = 477815E715F4E44E009B8A1B /* EGOImageLoadConnection.m */; };
		477815F215F4E44E009B8A1B /* EGOImageLoader.m in Sources */ = {isa = PBXBuildFile; fileRef = 477815E915F4E44E009B8A1B /* EGOImageLoader.m */; };
		477815F315F4E44E009B8A1B /* CMCImageView.m in Sources */ = {isa = PBXBuildFile; fileRef = 477815EC15F4E44E009B8A1B /* CMCImageView.m */; };
		477815F415F4E44E009B8A1B /* EGOImageView.m in Sources */ = {isa = PBXBuildFile; fileRef = 477815EE15F4E44E009B8A1B /* EGOImageView.m */; };
		477815FB15F4E569009B8A1B /* Reachability.m in Sources */ = {isa = PBXBuildFile; fileRef = 477815FA15F4E569009B8A1B /* Reachability.m */; };
		4778160C15F4E5E4009B8A1B /* NSObject+SBJSON.m in Sources */ = {isa = PBXBuildFile; fileRef = 4778160115F4E5E4009B8A1B /* NSObject+SBJSON.m */; };
		4778160D15F4E5E4009B8A1B /* NSString+SBJSON.m in Sources */ = {isa = PBXBuildFile; fileRef = 4778160315F4E5E4009B8A1B /* NSString+SBJSON.m */; };
		4778160E15F4E5E4009B8A1B /* SBJSON.m in Sources */ = {isa = PBXBuildFile; fileRef = 4778160515F4E5E4009B8A1B /* SBJSON.m */; };
		4778160F15F4E5E4009B8A1B /* SBJsonBase.m in Sources */ = {isa = PBXBuildFile; fileRef = 4778160715F4E5E4009B8A1B /* SBJsonBase.m */; };
		4778161015F4E5E4009B8A1B /* SBJsonParser.m in Sources */ = {isa = PBXBuildFile; fileRef = 4778160915F4E5E4009B8A1B /* SBJsonParser.m */; };
		4778161115F4E5E4009B8A1B /* SBJsonWriter.m in Sources */ = {isa = PBXBuildFile; fileRef = 4778160B15F4E5E4009B8A1B /* SBJsonWriter.m */; };
		4778161315F4E667009B8A1B /* CFNetwork.framework in Frameworks */ = {isa = PBXBuildFile; fileRef = 4778161215F4E667009B8A1B /* CFNetwork.framework */; };
		4778161515F4E67E009B8A1B /* SystemConfiguration.framework in Frameworks */ = {isa = PBXBuildFile; fileRef = 4778161415F4E67E009B8A1B /* SystemConfiguration.framework */; };
		4778161715F4E686009B8A1B /* MobileCoreServices.framework in Frameworks */ = {isa = PBXBuildFile; fileRef = 4778161615F4E686009B8A1B /* MobileCoreServices.framework */; };
		E23704DF15EE609000CF7A8D /* HomeViewController.m in Sources */ = {isa = PBXBuildFile; fileRef = E23704DD15EE609000CF7A8D /* HomeViewController.m */; };
		E23704E215EE60C000CF7A8D /* HomeViewController.xib in Resources */ = {isa = PBXBuildFile; fileRef = E23704E115EE60C000CF7A8D /* HomeViewController.xib */; };
		E23704EA15EE64C700CF7A8D /* GridViewCell.m in Sources */ = {isa = PBXBuildFile; fileRef = E23704E415EE64C700CF7A8D /* GridViewCell.m */; };
		E23704EB15EE64C700CF7A8D /* UIGridView.m in Sources */ = {isa = PBXBuildFile; fileRef = E23704E715EE64C700CF7A8D /* UIGridView.m */; };
		E23704EC15EE64C700CF7A8D /* UIGridViewCell+DownloadImage.m in Sources */ = {isa = PBXBuildFile; fileRef = E23704E915EE64C700CF7A8D /* UIGridViewCell+DownloadImage.m */; };
		E23704F015EE6B4700CF7A8D /* Lessons.m in Sources */ = {isa = PBXBuildFile; fileRef = E23704EF15EE6B4700CF7A8D /* Lessons.m */; };
		E23704F315EE7D7100CF7A8D /* UIGridViewController.m in Sources */ = {isa = PBXBuildFile; fileRef = E23704F215EE7D7100CF7A8D /* UIGridViewController.m */; };
		E23704F615EE899A00CF7A8D /* Answers.m in Sources */ = {isa = PBXBuildFile; fileRef = E23704F515EE899A00CF7A8D /* Answers.m */; };
		E23704F915EE899A00CF7A8D /* Questions.m in Sources */ = {isa = PBXBuildFile; fileRef = E23704F815EE899A00CF7A8D /* Questions.m */; };
		E23704FC15EE899A00CF7A8D /* ManagedLessons.m in Sources */ = {isa = PBXBuildFile; fileRef = E23704FB15EE899A00CF7A8D /* ManagedLessons.m */; };
		E2E2368115E928AA00110A13 /* UIKit.framework in Frameworks */ = {isa = PBXBuildFile; fileRef = E2E2368015E928AA00110A13 /* UIKit.framework */; };
		E2E2368315E928AA00110A13 /* Foundation.framework in Frameworks */ = {isa = PBXBuildFile; fileRef = E2E2368215E928AA00110A13 /* Foundation.framework */; };
		E2E2368515E928AA00110A13 /* CoreGraphics.framework in Frameworks */ = {isa = PBXBuildFile; fileRef = E2E2368415E928AA00110A13 /* CoreGraphics.framework */; };
		E2E2368715E928AA00110A13 /* CoreData.framework in Frameworks */ = {isa = PBXBuildFile; fileRef = E2E2368615E928AA00110A13 /* CoreData.framework */; };
		E2E2368D15E928AA00110A13 /* InfoPlist.strings in Resources */ = {isa = PBXBuildFile; fileRef = E2E2368B15E928AA00110A13 /* InfoPlist.strings */; };
		E2E2368F15E928AA00110A13 /* main.m in Sources */ = {isa = PBXBuildFile; fileRef = E2E2368E15E928AA00110A13 /* main.m */; };
		E2E2369315E928AA00110A13 /* AppDelegate.m in Sources */ = {isa = PBXBuildFile; fileRef = E2E2369215E928AA00110A13 /* AppDelegate.m */; };
		E2E2369615E928AA00110A13 /* Edu4Kids.xcdatamodeld in Sources */ = {isa = PBXBuildFile; fileRef = E2E2369415E928AA00110A13 /* Edu4Kids.xcdatamodeld */; };
		E2E236A615E93B8B00110A13 /* Localizable.strings in Resources */ = {isa = PBXBuildFile; fileRef = E2E236A415E93B8B00110A13 /* Localizable.strings */; };
		E2E236A915E93C3F00110A13 /* WISeFansWebServices.m in Sources */ = {isa = PBXBuildFile; fileRef = E2E236A815E93C3F00110A13 /* WISeFansWebServices.m */; };
		E2E236AC15E93CAF00110A13 /* DatabaseConnection.m in Sources */ = {isa = PBXBuildFile; fileRef = E2E236AB15E93CAF00110A13 /* DatabaseConnection.m */; };
/* End PBXBuildFile section */

/* Begin PBXFileReference section */
		475E0BEF15F607E200854801 /* CoreImage.framework */ = {isa = PBXFileReference; lastKnownFileType = wrapper.framework; name = CoreImage.framework; path = System/Library/Frameworks/CoreImage.framework; sourceTree = SDKROOT; };
		475E0BF215F607F200854801 /* libz.1.2.5.dylib */ = {isa = PBXFileReference; lastKnownFileType = "compiled.mach-o.dylib"; name = libz.1.2.5.dylib; path = usr/lib/libz.1.2.5.dylib; sourceTree = SDKROOT; };
		475E0BF415F6094700854801 /* libcommonCrypto.dylib */ = {isa = PBXFileReference; lastKnownFileType = "compiled.mach-o.dylib"; name = libcommonCrypto.dylib; path = usr/lib/system/libcommonCrypto.dylib; sourceTree = SDKROOT; };
		477815AF15F4E2D5009B8A1B /* ipad2-welcom.jpg */ = {isa = PBXFileReference; lastKnownFileType = image.jpeg; name = "ipad2-welcom.jpg"; path = "Resources/ipad2-welcom.jpg"; sourceTree = "<group>"; };
		477815B015F4E2D5009B8A1B /* ipad3-welcom.jpg */ = {isa = PBXFileReference; lastKnownFileType = image.jpeg; name = "ipad3-welcom.jpg"; path = "Resources/ipad3-welcom.jpg"; sourceTree = "<group>"; };
		477815B115F4E2D5009B8A1B /* Lesson list.csv */ = {isa = PBXFileReference; fileEncoding = 4; lastKnownFileType = text; name = "Lesson list.csv"; path = "Resources/Lesson list.csv"; sourceTree = "<group>"; };
		477815B515F4E2F3009B8A1B /* ipad2-welcom.png */ = {isa = PBXFileReference; lastKnownFileType = image.png; name = "ipad2-welcom.png"; path = "Resources/ipad2-welcom.png"; sourceTree = "<group>"; };
		477815B715F4E2FE009B8A1B /* Default-Landscape~ipad.png */ = {isa = PBXFileReference; lastKnownFileType = image.png; path = "Default-Landscape~ipad.png"; sourceTree = "<group>"; };
		477815BB15F4E3FD009B8A1B /* ASIAuthenticationDialog.h */ = {isa = PBXFileReference; fileEncoding = 4; lastKnownFileType = sourcecode.c.h; path = ASIAuthenticationDialog.h; sourceTree = "<group>"; };
		477815BC15F4E3FD009B8A1B /* ASIAuthenticationDialog.m */ = {isa = PBXFileReference; fileEncoding = 4; lastKnownFileType = sourcecode.c.objc; path = ASIAuthenticationDialog.m; sourceTree = "<group>"; };
		477815BD15F4E3FD009B8A1B /* ASICacheDelegate.h */ = {isa = PBXFileReference; fileEncoding = 4; lastKnownFileType = sourcecode.c.h; path = ASICacheDelegate.h; sourceTree = "<group>"; };
		477815BE15F4E3FD009B8A1B /* ASIDataCompressor.h */ = {isa = PBXFileReference; fileEncoding = 4; lastKnownFileType = sourcecode.c.h; path = ASIDataCompressor.h; sourceTree = "<group>"; };
		477815BF15F4E3FD009B8A1B /* ASIDataCompressor.m */ = {isa = PBXFileReference; fileEncoding = 4; lastKnownFileType = sourcecode.c.objc; path = ASIDataCompressor.m; sourceTree = "<group>"; };
		477815C015F4E3FD009B8A1B /* ASIDataDecompressor.h */ = {isa = PBXFileReference; fileEncoding = 4; lastKnownFileType = sourcecode.c.h; path = ASIDataDecompressor.h; sourceTree = "<group>"; };
		477815C115F4E3FD009B8A1B /* ASIDataDecompressor.m */ = {isa = PBXFileReference; fileEncoding = 4; lastKnownFileType = sourcecode.c.objc; path = ASIDataDecompressor.m; sourceTree = "<group>"; };
		477815C215F4E3FD009B8A1B /* ASIDownloadCache.h */ = {isa = PBXFileReference; fileEncoding = 4; lastKnownFileType = sourcecode.c.h; path = ASIDownloadCache.h; sourceTree = "<group>"; };
		477815C315F4E3FD009B8A1B /* ASIDownloadCache.m */ = {isa = PBXFileReference; fileEncoding = 4; lastKnownFileType = sourcecode.c.objc; path = ASIDownloadCache.m; sourceTree = "<group>"; };
		477815C415F4E3FD009B8A1B /* ASIFormDataRequest.h */ = {isa = PBXFileReference; fileEncoding = 4; lastKnownFileType = sourcecode.c.h; path = ASIFormDataRequest.h; sourceTree = "<group>"; };
		477815C515F4E3FD009B8A1B /* ASIFormDataRequest.m */ = {isa = PBXFileReference; fileEncoding = 4; lastKnownFileType = sourcecode.c.objc; path = ASIFormDataRequest.m; sourceTree = "<group>"; };
		477815C615F4E3FD009B8A1B /* ASIHTTPRequest.h */ = {isa = PBXFileReference; fileEncoding = 4; lastKnownFileType = sourcecode.c.h; path = ASIHTTPRequest.h; sourceTree = "<group>"; };
		477815C715F4E3FD009B8A1B /* ASIHTTPRequest.m */ = {isa = PBXFileReference; fileEncoding = 4; lastKnownFileType = sourcecode.c.objc; path = ASIHTTPRequest.m; sourceTree = "<group>"; };
		477815C815F4E3FD009B8A1B /* ASIHTTPRequestConfig.h */ = {isa = PBXFileReference; fileEncoding = 4; lastKnownFileType = sourcecode.c.h; path = ASIHTTPRequestConfig.h; sourceTree = "<group>"; };
		477815C915F4E3FD009B8A1B /* ASIHTTPRequestDelegate.h */ = {isa = PBXFileReference; fileEncoding = 4; lastKnownFileType = sourcecode.c.h; path = ASIHTTPRequestDelegate.h; sourceTree = "<group>"; };
		477815CA15F4E3FD009B8A1B /* ASIInputStream.h */ = {isa = PBXFileReference; fileEncoding = 4; lastKnownFileType = sourcecode.c.h; path = ASIInputStream.h; sourceTree = "<group>"; };
		477815CB15F4E3FD009B8A1B /* ASIInputStream.m */ = {isa = PBXFileReference; fileEncoding = 4; lastKnownFileType = sourcecode.c.objc; path = ASIInputStream.m; sourceTree = "<group>"; };
		477815CC15F4E3FD009B8A1B /* ASINetworkQueue.h */ = {isa = PBXFileReference; fileEncoding = 4; lastKnownFileType = sourcecode.c.h; path = ASINetworkQueue.h; sourceTree = "<group>"; };
		477815CD15F4E3FD009B8A1B /* ASINetworkQueue.m */ = {isa = PBXFileReference; fileEncoding = 4; lastKnownFileType = sourcecode.c.objc; path = ASINetworkQueue.m; sourceTree = "<group>"; };
		477815CE15F4E3FD009B8A1B /* ASIProgressDelegate.h */ = {isa = PBXFileReference; fileEncoding = 4; lastKnownFileType = sourcecode.c.h; path = ASIProgressDelegate.h; sourceTree = "<group>"; };
		477815DA15F4E42C009B8A1B /* DownloadHelper.h */ = {isa = PBXFileReference; lastKnownFileType = sourcecode.c.h; path = DownloadHelper.h; sourceTree = "<group>"; };
		477815DB15F4E42C009B8A1B /* DownloadHelper.m */ = {isa = PBXFileReference; lastKnownFileType = sourcecode.c.objc; path = DownloadHelper.m; sourceTree = "<group>"; };
		477815DC15F4E42C009B8A1B /* UIImage+CMCUtilities.h */ = {isa = PBXFileReference; lastKnownFileType = sourcecode.c.h; path = "UIImage+CMCUtilities.h"; sourceTree = "<group>"; };
		477815DD15F4E42C009B8A1B /* UIImage+CMCUtilities.m */ = {isa = PBXFileReference; lastKnownFileType = sourcecode.c.objc; path = "UIImage+CMCUtilities.m"; sourceTree = "<group>"; };
		477815E015F4E44E009B8A1B /* EGOCache.h */ = {isa = PBXFileReference; fileEncoding = 4; lastKnownFileType = sourcecode.c.h; path = EGOCache.h; sourceTree = "<group>"; };
		477815E115F4E44E009B8A1B /* EGOCache.m */ = {isa = PBXFileReference; fileEncoding = 4; lastKnownFileType = sourcecode.c.objc; path = EGOCache.m; sourceTree = "<group>"; };
		477815E315F4E44E009B8A1B /* EGOImageButton.h */ = {isa = PBXFileReference; fileEncoding = 4; lastKnownFileType = sourcecode.c.h; path = EGOImageButton.h; sourceTree = "<group>"; };
		477815E415F4E44E009B8A1B /* EGOImageButton.m */ = {isa = PBXFileReference; fileEncoding = 4; lastKnownFileType = sourcecode.c.objc; path = EGOImageButton.m; sourceTree = "<group>"; };
		477815E615F4E44E009B8A1B /* EGOImageLoadConnection.h */ = {isa = PBXFileReference; fileEncoding = 4; lastKnownFileType = sourcecode.c.h; path = EGOImageLoadConnection.h; sourceTree = "<group>"; };
		477815E715F4E44E009B8A1B /* EGOImageLoadConnection.m */ = {isa = PBXFileReference; fileEncoding = 4; lastKnownFileType = sourcecode.c.objc; path = EGOImageLoadConnection.m; sourceTree = "<group>"; };
		477815E815F4E44E009B8A1B /* EGOImageLoader.h */ = {isa = PBXFileReference; fileEncoding = 4; lastKnownFileType = sourcecode.c.h; path = EGOImageLoader.h; sourceTree = "<group>"; };
		477815E915F4E44E009B8A1B /* EGOImageLoader.m */ = {isa = PBXFileReference; fileEncoding = 4; lastKnownFileType = sourcecode.c.objc; path = EGOImageLoader.m; sourceTree = "<group>"; };
		477815EB15F4E44E009B8A1B /* CMCImageView.h */ = {isa = PBXFileReference; fileEncoding = 4; lastKnownFileType = sourcecode.c.h; path = CMCImageView.h; sourceTree = "<group>"; };
		477815EC15F4E44E009B8A1B /* CMCImageView.m */ = {isa = PBXFileReference; fileEncoding = 4; lastKnownFileType = sourcecode.c.objc; path = CMCImageView.m; sourceTree = "<group>"; };
		477815ED15F4E44E009B8A1B /* EGOImageView.h */ = {isa = PBXFileReference; fileEncoding = 4; lastKnownFileType = sourcecode.c.h; path = EGOImageView.h; sourceTree = "<group>"; };
		477815EE15F4E44E009B8A1B /* EGOImageView.m */ = {isa = PBXFileReference; fileEncoding = 4; lastKnownFileType = sourcecode.c.objc; path = EGOImageView.m; sourceTree = "<group>"; };
		477815F515F4E45A009B8A1B /* EGOCropImageView.h */ = {isa = PBXFileReference; lastKnownFileType = sourcecode.c.h; path = EGOCropImageView.h; sourceTree = "<group>"; };
		477815F615F4E45A009B8A1B /* EGOCropImageView.m */ = {isa = PBXFileReference; lastKnownFileType = sourcecode.c.objc; path = EGOCropImageView.m; sourceTree = "<group>"; };
		477815F715F4E51D009B8A1B /* ProjectConstant.h */ = {isa = PBXFileReference; lastKnownFileType = sourcecode.c.h; path = ProjectConstant.h; sourceTree = "<group>"; };
		477815F915F4E569009B8A1B /* Reachability.h */ = {isa = PBXFileReference; fileEncoding = 4; lastKnownFileType = sourcecode.c.h; path = Reachability.h; sourceTree = "<group>"; };
		477815FA15F4E569009B8A1B /* Reachability.m */ = {isa = PBXFileReference; fileEncoding = 4; lastKnownFileType = sourcecode.c.objc; path = Reachability.m; sourceTree = "<group>"; };
		477815FC15F4E583009B8A1B /* Utilities.h */ = {isa = PBXFileReference; lastKnownFileType = sourcecode.c.h; path = Utilities.h; sourceTree = "<group>"; };
		477815FD15F4E583009B8A1B /* Utilities.m */ = {isa = PBXFileReference; lastKnownFileType = sourcecode.c.objc; path = Utilities.m; sourceTree = "<group>"; };
		477815FF15F4E5E4009B8A1B /* JSON.h */ = {isa = PBXFileReference; fileEncoding = 4; lastKnownFileType = sourcecode.c.h; path = JSON.h; sourceTree = "<group>"; };
		4778160015F4E5E4009B8A1B /* NSObject+SBJSON.h */ = {isa = PBXFileReference; fileEncoding = 4; lastKnownFileType = sourcecode.c.h; path = "NSObject+SBJSON.h"; sourceTree = "<group>"; };
		4778160115F4E5E4009B8A1B /* NSObject+SBJSON.m */ = {isa = PBXFileReference; fileEncoding = 4; lastKnownFileType = sourcecode.c.objc; path = "NSObject+SBJSON.m"; sourceTree = "<group>"; };
		4778160215F4E5E4009B8A1B /* NSString+SBJSON.h */ = {isa = PBXFileReference; fileEncoding = 4; lastKnownFileType = sourcecode.c.h; path = "NSString+SBJSON.h"; sourceTree = "<group>"; };
		4778160315F4E5E4009B8A1B /* NSString+SBJSON.m */ = {isa = PBXFileReference; fileEncoding = 4; lastKnownFileType = sourcecode.c.objc; path = "NSString+SBJSON.m"; sourceTree = "<group>"; };
		4778160415F4E5E4009B8A1B /* SBJSON.h */ = {isa = PBXFileReference; fileEncoding = 4; lastKnownFileType = sourcecode.c.h; path = SBJSON.h; sourceTree = "<group>"; };
		4778160515F4E5E4009B8A1B /* SBJSON.m */ = {isa = PBXFileReference; fileEncoding = 4; lastKnownFileType = sourcecode.c.objc; path = SBJSON.m; sourceTree = "<group>"; };
		4778160615F4E5E4009B8A1B /* SBJsonBase.h */ = {isa = PBXFileReference; fileEncoding = 4; lastKnownFileType = sourcecode.c.h; path = SBJsonBase.h; sourceTree = "<group>"; };
		4778160715F4E5E4009B8A1B /* SBJsonBase.m */ = {isa = PBXFileReference; fileEncoding = 4; lastKnownFileType = sourcecode.c.objc; path = SBJsonBase.m; sourceTree = "<group>"; };
		4778160815F4E5E4009B8A1B /* SBJsonParser.h */ = {isa = PBXFileReference; fileEncoding = 4; lastKnownFileType = sourcecode.c.h; path = SBJsonParser.h; sourceTree = "<group>"; };
		4778160915F4E5E4009B8A1B /* SBJsonParser.m */ = {isa = PBXFileReference; fileEncoding = 4; lastKnownFileType = sourcecode.c.objc; path = SBJsonParser.m; sourceTree = "<group>"; };
		4778160A15F4E5E4009B8A1B /* SBJsonWriter.h */ = {isa = PBXFileReference; fileEncoding = 4; lastKnownFileType = sourcecode.c.h; path = SBJsonWriter.h; sourceTree = "<group>"; };
		4778160B15F4E5E4009B8A1B /* SBJsonWriter.m */ = {isa = PBXFileReference; fileEncoding = 4; lastKnownFileType = sourcecode.c.objc; path = SBJsonWriter.m; sourceTree = "<group>"; };
		4778161215F4E667009B8A1B /* CFNetwork.framework */ = {isa = PBXFileReference; lastKnownFileType = wrapper.framework; name = CFNetwork.framework; path = System/Library/Frameworks/CFNetwork.framework; sourceTree = SDKROOT; };
		4778161415F4E67E009B8A1B /* SystemConfiguration.framework */ = {isa = PBXFileReference; lastKnownFileType = wrapper.framework; name = SystemConfiguration.framework; path = System/Library/Frameworks/SystemConfiguration.framework; sourceTree = SDKROOT; };
		4778161615F4E686009B8A1B /* MobileCoreServices.framework */ = {isa = PBXFileReference; lastKnownFileType = wrapper.framework; name = MobileCoreServices.framework; path = System/Library/Frameworks/MobileCoreServices.framework; sourceTree = SDKROOT; };
		E23704DC15EE609000CF7A8D /* HomeViewController.h */ = {isa = PBXFileReference; fileEncoding = 4; lastKnownFileType = sourcecode.c.h; name = HomeViewController.h; path = ViewControllers/HomeViewController.h; sourceTree = "<group>"; };
		E23704DD15EE609000CF7A8D /* HomeViewController.m */ = {isa = PBXFileReference; fileEncoding = 4; lastKnownFileType = sourcecode.c.objc; name = HomeViewController.m; path = ViewControllers/HomeViewController.m; sourceTree = "<group>"; };
		E23704E115EE60C000CF7A8D /* HomeViewController.xib */ = {isa = PBXFileReference; fileEncoding = 4; lastKnownFileType = file.xib; name = HomeViewController.xib; path = Views/HomeViewController.xib; sourceTree = "<group>"; };
		E23704E315EE64C700CF7A8D /* GridViewCell.h */ = {isa = PBXFileReference; fileEncoding = 4; lastKnownFileType = sourcecode.c.h; name = GridViewCell.h; path = Views/GridViewCell.h; sourceTree = "<group>"; };
		E23704E415EE64C700CF7A8D /* GridViewCell.m */ = {isa = PBXFileReference; fileEncoding = 4; lastKnownFileType = sourcecode.c.objc; name = GridViewCell.m; path = Views/GridViewCell.m; sourceTree = "<group>"; };
		E23704E515EE64C700CF7A8D /* GridViewCellDelegate.h */ = {isa = PBXFileReference; fileEncoding = 4; lastKnownFileType = sourcecode.c.h; name = GridViewCellDelegate.h; path = Views/GridViewCellDelegate.h; sourceTree = "<group>"; };
		E23704E615EE64C700CF7A8D /* UIGridView.h */ = {isa = PBXFileReference; fileEncoding = 4; lastKnownFileType = sourcecode.c.h; name = UIGridView.h; path = Views/UIGridView.h; sourceTree = "<group>"; };
		E23704E715EE64C700CF7A8D /* UIGridView.m */ = {isa = PBXFileReference; fileEncoding = 4; lastKnownFileType = sourcecode.c.objc; name = UIGridView.m; path = Views/UIGridView.m; sourceTree = "<group>"; };
		E23704E815EE64C700CF7A8D /* UIGridViewCell+DownloadImage.h */ = {isa = PBXFileReference; fileEncoding = 4; lastKnownFileType = sourcecode.c.h; name = "UIGridViewCell+DownloadImage.h"; path = "Views/UIGridViewCell+DownloadImage.h"; sourceTree = "<group>"; };
		E23704E915EE64C700CF7A8D /* UIGridViewCell+DownloadImage.m */ = {isa = PBXFileReference; fileEncoding = 4; lastKnownFileType = sourcecode.c.objc; name = "UIGridViewCell+DownloadImage.m"; path = "Views/UIGridViewCell+DownloadImage.m"; sourceTree = "<group>"; };
		E23704EE15EE6B4700CF7A8D /* Lessons.h */ = {isa = PBXFileReference; fileEncoding = 4; lastKnownFileType = sourcecode.c.h; name = Lessons.h; path = MOdel/Lessons.h; sourceTree = "<group>"; };
		E23704EF15EE6B4700CF7A8D /* Lessons.m */ = {isa = PBXFileReference; fileEncoding = 4; lastKnownFileType = sourcecode.c.objc; name = Lessons.m; path = MOdel/Lessons.m; sourceTree = "<group>"; };
		E23704F115EE7D7100CF7A8D /* UIGridViewController.h */ = {isa = PBXFileReference; fileEncoding = 4; lastKnownFileType = sourcecode.c.h; name = UIGridViewController.h; path = ViewControllers/UIGridViewController.h; sourceTree = "<group>"; };
		E23704F215EE7D7100CF7A8D /* UIGridViewController.m */ = {isa = PBXFileReference; fileEncoding = 4; lastKnownFileType = sourcecode.c.objc; name = UIGridViewController.m; path = ViewControllers/UIGridViewController.m; sourceTree = "<group>"; };
		E23704F415EE899A00CF7A8D /* Answers.h */ = {isa = PBXFileReference; fileEncoding = 4; lastKnownFileType = sourcecode.c.h; name = Answers.h; path = Model/Answers.h; sourceTree = "<group>"; };
		E23704F515EE899A00CF7A8D /* Answers.m */ = {isa = PBXFileReference; fileEncoding = 4; lastKnownFileType = sourcecode.c.objc; name = Answers.m; path = Model/Answers.m; sourceTree = "<group>"; };
		E23704F715EE899A00CF7A8D /* Questions.h */ = {isa = PBXFileReference; fileEncoding = 4; lastKnownFileType = sourcecode.c.h; name = Questions.h; path = Model/Questions.h; sourceTree = "<group>"; };
		E23704F815EE899A00CF7A8D /* Questions.m */ = {isa = PBXFileReference; fileEncoding = 4; lastKnownFileType = sourcecode.c.objc; name = Questions.m; path = Model/Questions.m; sourceTree = "<group>"; };
		E23704FA15EE899A00CF7A8D /* ManagedLessons.h */ = {isa = PBXFileReference; fileEncoding = 4; lastKnownFileType = sourcecode.c.h; name = ManagedLessons.h; path = Model/ManagedLessons.h; sourceTree = "<group>"; };
		E23704FB15EE899A00CF7A8D /* ManagedLessons.m */ = {isa = PBXFileReference; fileEncoding = 4; lastKnownFileType = sourcecode.c.objc; name = ManagedLessons.m; path = Model/ManagedLessons.m; sourceTree = "<group>"; };
		E2E2367C15E928AA00110A13 /* Edu4Kids.app */ = {isa = PBXFileReference; explicitFileType = wrapper.application; includeInIndex = 0; path = Edu4Kids.app; sourceTree = BUILT_PRODUCTS_DIR; };
		E2E2368015E928AA00110A13 /* UIKit.framework */ = {isa = PBXFileReference; lastKnownFileType = wrapper.framework; name = UIKit.framework; path = System/Library/Frameworks/UIKit.framework; sourceTree = SDKROOT; };
		E2E2368215E928AA00110A13 /* Foundation.framework */ = {isa = PBXFileReference; lastKnownFileType = wrapper.framework; name = Foundation.framework; path = System/Library/Frameworks/Foundation.framework; sourceTree = SDKROOT; };
		E2E2368415E928AA00110A13 /* CoreGraphics.framework */ = {isa = PBXFileReference; lastKnownFileType = wrapper.framework; name = CoreGraphics.framework; path = System/Library/Frameworks/CoreGraphics.framework; sourceTree = SDKROOT; };
		E2E2368615E928AA00110A13 /* CoreData.framework */ = {isa = PBXFileReference; lastKnownFileType = wrapper.framework; name = CoreData.framework; path = System/Library/Frameworks/CoreData.framework; sourceTree = SDKROOT; };
		E2E2368A15E928AA00110A13 /* Edu4Kids-Info.plist */ = {isa = PBXFileReference; lastKnownFileType = text.plist.xml; path = "Edu4Kids-Info.plist"; sourceTree = "<group>"; };
		E2E2368C15E928AA00110A13 /* en */ = {isa = PBXFileReference; lastKnownFileType = text.plist.strings; name = en; path = en.lproj/InfoPlist.strings; sourceTree = "<group>"; };
		E2E2368E15E928AA00110A13 /* main.m */ = {isa = PBXFileReference; lastKnownFileType = sourcecode.c.objc; path = main.m; sourceTree = "<group>"; };
		E2E2369015E928AA00110A13 /* Edu4Kids-Prefix.pch */ = {isa = PBXFileReference; lastKnownFileType = sourcecode.c.h; path = "Edu4Kids-Prefix.pch"; sourceTree = "<group>"; };
		E2E2369115E928AA00110A13 /* AppDelegate.h */ = {isa = PBXFileReference; lastKnownFileType = sourcecode.c.h; path = AppDelegate.h; sourceTree = "<group>"; };
		E2E2369215E928AA00110A13 /* AppDelegate.m */ = {isa = PBXFileReference; lastKnownFileType = sourcecode.c.objc; path = AppDelegate.m; sourceTree = "<group>"; };
		E2E2369515E928AA00110A13 /* Edu4Kids.xcdatamodel */ = {isa = PBXFileReference; lastKnownFileType = wrapper.xcdatamodel; path = Edu4Kids.xcdatamodel; sourceTree = "<group>"; };
		E2E236A515E93B8B00110A13 /* en */ = {isa = PBXFileReference; lastKnownFileType = text.plist.strings; name = en; path = en.lproj/Localizable.strings; sourceTree = "<group>"; };
		E2E236A715E93C3F00110A13 /* WISeFansWebServices.h */ = {isa = PBXFileReference; fileEncoding = 4; lastKnownFileType = sourcecode.c.h; path = WISeFansWebServices.h; sourceTree = "<group>"; };
		E2E236A815E93C3F00110A13 /* WISeFansWebServices.m */ = {isa = PBXFileReference; fileEncoding = 4; lastKnownFileType = sourcecode.c.objc; path = WISeFansWebServices.m; sourceTree = "<group>"; };
		E2E236AA15E93CAF00110A13 /* DatabaseConnection.h */ = {isa = PBXFileReference; fileEncoding = 4; lastKnownFileType = sourcecode.c.h; path = DatabaseConnection.h; sourceTree = "<group>"; };
		E2E236AB15E93CAF00110A13 /* DatabaseConnection.m */ = {isa = PBXFileReference; fileEncoding = 4; lastKnownFileType = sourcecode.c.objc; path = DatabaseConnection.m; sourceTree = "<group>"; };
/* End PBXFileReference section */

/* Begin PBXFrameworksBuildPhase section */
		E2E2367915E928AA00110A13 /* Frameworks */ = {
			isa = PBXFrameworksBuildPhase;
			buildActionMask = 2147483647;
			files = (
				475E0BF515F6094700854801 /* libcommonCrypto.dylib in Frameworks */,
				475E0BF315F607F200854801 /* libz.1.2.5.dylib in Frameworks */,
				475E0BF015F607E200854801 /* CoreImage.framework in Frameworks */,
				4778161715F4E686009B8A1B /* MobileCoreServices.framework in Frameworks */,
				4778161515F4E67E009B8A1B /* SystemConfiguration.framework in Frameworks */,
				4778161315F4E667009B8A1B /* CFNetwork.framework in Frameworks */,
				E2E2368115E928AA00110A13 /* UIKit.framework in Frameworks */,
				E2E2368315E928AA00110A13 /* Foundation.framework in Frameworks */,
				E2E2368515E928AA00110A13 /* CoreGraphics.framework in Frameworks */,
				E2E2368715E928AA00110A13 /* CoreData.framework in Frameworks */,
			);
			runOnlyForDeploymentPostprocessing = 0;
		};
/* End PBXFrameworksBuildPhase section */

/* Begin PBXGroup section */
		477815A715F4D9B8009B8A1B /* Resources */ = {
			isa = PBXGroup;
			children = (
				477815AF15F4E2D5009B8A1B /* ipad2-welcom.jpg */,
				477815B515F4E2F3009B8A1B /* ipad2-welcom.png */,
				477815B015F4E2D5009B8A1B /* ipad3-welcom.jpg */,
				477815B115F4E2D5009B8A1B /* Lesson list.csv */,
			);
			name = Resources;
			sourceTree = "<group>";
		};
		477815B915F4E3D6009B8A1B /* Libraries */ = {
			isa = PBXGroup;
			children = (
				477815F815F4E569009B8A1B /* Reachable */,
				477815DE15F4E443009B8A1B /* EGOImage */,
				477815DA15F4E42C009B8A1B /* DownloadHelper.h */,
				477815DB15F4E42C009B8A1B /* DownloadHelper.m */,
				477815DC15F4E42C009B8A1B /* UIImage+CMCUtilities.h */,
				477815DD15F4E42C009B8A1B /* UIImage+CMCUtilities.m */,
				477815BA15F4E3FD009B8A1B /* HTTP Helper */,
			);
			name = Libraries;
			sourceTree = "<group>";
		};
		477815BA15F4E3FD009B8A1B /* HTTP Helper */ = {
			isa = PBXGroup;
			children = (
				477815BB15F4E3FD009B8A1B /* ASIAuthenticationDialog.h */,
				477815BC15F4E3FD009B8A1B /* ASIAuthenticationDialog.m */,
				477815BD15F4E3FD009B8A1B /* ASICacheDelegate.h */,
				477815BE15F4E3FD009B8A1B /* ASIDataCompressor.h */,
				477815BF15F4E3FD009B8A1B /* ASIDataCompressor.m */,
				477815C015F4E3FD009B8A1B /* ASIDataDecompressor.h */,
				477815C115F4E3FD009B8A1B /* ASIDataDecompressor.m */,
				477815C215F4E3FD009B8A1B /* ASIDownloadCache.h */,
				477815C315F4E3FD009B8A1B /* ASIDownloadCache.m */,
				477815C415F4E3FD009B8A1B /* ASIFormDataRequest.h */,
				477815C515F4E3FD009B8A1B /* ASIFormDataRequest.m */,
				477815C615F4E3FD009B8A1B /* ASIHTTPRequest.h */,
				477815C715F4E3FD009B8A1B /* ASIHTTPRequest.m */,
				477815C815F4E3FD009B8A1B /* ASIHTTPRequestConfig.h */,
				477815C915F4E3FD009B8A1B /* ASIHTTPRequestDelegate.h */,
				477815CA15F4E3FD009B8A1B /* ASIInputStream.h */,
				477815CB15F4E3FD009B8A1B /* ASIInputStream.m */,
				477815CC15F4E3FD009B8A1B /* ASINetworkQueue.h */,
				477815CD15F4E3FD009B8A1B /* ASINetworkQueue.m */,
				477815CE15F4E3FD009B8A1B /* ASIProgressDelegate.h */,
			);
			path = "HTTP Helper";
			sourceTree = "<group>";
		};
		477815DE15F4E443009B8A1B /* EGOImage */ = {
			isa = PBXGroup;
			children = (
				477815F515F4E45A009B8A1B /* EGOCropImageView.h */,
				477815F615F4E45A009B8A1B /* EGOCropImageView.m */,
				477815DF15F4E44E009B8A1B /* EGOCache */,
				477815E215F4E44E009B8A1B /* EGOImageButton */,
				477815E515F4E44E009B8A1B /* EGOImageLoader */,
				477815EA15F4E44E009B8A1B /* EGOImageView */,
			);
			name = EGOImage;
			sourceTree = "<group>";
		};
		477815DF15F4E44E009B8A1B /* EGOCache */ = {
			isa = PBXGroup;
			children = (
				477815E015F4E44E009B8A1B /* EGOCache.h */,
				477815E115F4E44E009B8A1B /* EGOCache.m */,
			);
			path = EGOCache;
			sourceTree = "<group>";
		};
		477815E215F4E44E009B8A1B /* EGOImageButton */ = {
			isa = PBXGroup;
			children = (
				477815E315F4E44E009B8A1B /* EGOImageButton.h */,
				477815E415F4E44E009B8A1B /* EGOImageButton.m */,
			);
			path = EGOImageButton;
			sourceTree = "<group>";
		};
		477815E515F4E44E009B8A1B /* EGOImageLoader */ = {
			isa = PBXGroup;
			children = (
				477815E615F4E44E009B8A1B /* EGOImageLoadConnection.h */,
				477815E715F4E44E009B8A1B /* EGOImageLoadConnection.m */,
				477815E815F4E44E009B8A1B /* EGOImageLoader.h */,
				477815E915F4E44E009B8A1B /* EGOImageLoader.m */,
			);
			path = EGOImageLoader;
			sourceTree = "<group>";
		};
		477815EA15F4E44E009B8A1B /* EGOImageView */ = {
			isa = PBXGroup;
			children = (
				477815EB15F4E44E009B8A1B /* CMCImageView.h */,
				477815EC15F4E44E009B8A1B /* CMCImageView.m */,
				477815ED15F4E44E009B8A1B /* EGOImageView.h */,
				477815EE15F4E44E009B8A1B /* EGOImageView.m */,
			);
			path = EGOImageView;
			sourceTree = "<group>";
		};
		477815F815F4E569009B8A1B /* Reachable */ = {
			isa = PBXGroup;
			children = (
				477815F915F4E569009B8A1B /* Reachability.h */,
				477815FA15F4E569009B8A1B /* Reachability.m */,
			);
			path = Reachable;
			sourceTree = "<group>";
		};
		477815FE15F4E5E4009B8A1B /* JSON */ = {
			isa = PBXGroup;
			children = (
				477815FF15F4E5E4009B8A1B /* JSON.h */,
				4778160015F4E5E4009B8A1B /* NSObject+SBJSON.h */,
				4778160115F4E5E4009B8A1B /* NSObject+SBJSON.m */,
				4778160215F4E5E4009B8A1B /* NSString+SBJSON.h */,
				4778160315F4E5E4009B8A1B /* NSString+SBJSON.m */,
				4778160415F4E5E4009B8A1B /* SBJSON.h */,
				4778160515F4E5E4009B8A1B /* SBJSON.m */,
				4778160615F4E5E4009B8A1B /* SBJsonBase.h */,
				4778160715F4E5E4009B8A1B /* SBJsonBase.m */,
				4778160815F4E5E4009B8A1B /* SBJsonParser.h */,
				4778160915F4E5E4009B8A1B /* SBJsonParser.m */,
				4778160A15F4E5E4009B8A1B /* SBJsonWriter.h */,
				4778160B15F4E5E4009B8A1B /* SBJsonWriter.m */,
			);
			path = JSON;
			sourceTree = "<group>";
		};
		E23704D915EE5EE200CF7A8D /* Views */ = {
			isa = PBXGroup;
			children = (
				E23704E315EE64C700CF7A8D /* GridViewCell.h */,
				E23704E415EE64C700CF7A8D /* GridViewCell.m */,
				E23704E515EE64C700CF7A8D /* GridViewCellDelegate.h */,
				E23704E615EE64C700CF7A8D /* UIGridView.h */,
				E23704E715EE64C700CF7A8D /* UIGridView.m */,
				E23704E815EE64C700CF7A8D /* UIGridViewCell+DownloadImage.h */,
				E23704E915EE64C700CF7A8D /* UIGridViewCell+DownloadImage.m */,
				E23704E115EE60C000CF7A8D /* HomeViewController.xib */,
			);
			name = Views;
			sourceTree = "<group>";
		};
		E23704DB15EE5FD500CF7A8D /* ViewControllers */ = {
			isa = PBXGroup;
			children = (
				E23704F115EE7D7100CF7A8D /* UIGridViewController.h */,
				E23704F215EE7D7100CF7A8D /* UIGridViewController.m */,
				E23704DC15EE609000CF7A8D /* HomeViewController.h */,
				E23704DD15EE609000CF7A8D /* HomeViewController.m */,
			);
			name = ViewControllers;
			sourceTree = "<group>";
		};
		E23704ED15EE6A3F00CF7A8D /* Model */ = {
			isa = PBXGroup;
			children = (
				E23704EE15EE6B4700CF7A8D /* Lessons.h */,
				E23704EF15EE6B4700CF7A8D /* Lessons.m */,
				E23704FA15EE899A00CF7A8D /* ManagedLessons.h */,
				E23704FB15EE899A00CF7A8D /* ManagedLessons.m */,
				E23704F715EE899A00CF7A8D /* Questions.h */,
				E23704F815EE899A00CF7A8D /* Questions.m */,
				E23704F415EE899A00CF7A8D /* Answers.h */,
				E23704F515EE899A00CF7A8D /* Answers.m */,
			);
			name = Model;
			sourceTree = "<group>";
		};
		E2E2367115E928AA00110A13 = {
			isa = PBXGroup;
			children = (
				475E0BF415F6094700854801 /* libcommonCrypto.dylib */,
				477815B715F4E2FE009B8A1B /* Default-Landscape~ipad.png */,
				E2E2368815E928AA00110A13 /* Edu4Kids */,
				E2E2367F15E928AA00110A13 /* Frameworks */,
				E2E2367D15E928AA00110A13 /* Products */,
			);
			sourceTree = "<group>";
		};
		E2E2367D15E928AA00110A13 /* Products */ = {
			isa = PBXGroup;
			children = (
				E2E2367C15E928AA00110A13 /* Edu4Kids.app */,
			);
			name = Products;
			sourceTree = "<group>";
		};
		E2E2367F15E928AA00110A13 /* Frameworks */ = {
			isa = PBXGroup;
			children = (
				475E0BF215F607F200854801 /* libz.1.2.5.dylib */,
				475E0BEF15F607E200854801 /* CoreImage.framework */,
				4778161615F4E686009B8A1B /* MobileCoreServices.framework */,
				4778161415F4E67E009B8A1B /* SystemConfiguration.framework */,
				4778161215F4E667009B8A1B /* CFNetwork.framework */,
				E2E2368015E928AA00110A13 /* UIKit.framework */,
				E2E2368215E928AA00110A13 /* Foundation.framework */,
				E2E2368415E928AA00110A13 /* CoreGraphics.framework */,
				E2E2368615E928AA00110A13 /* CoreData.framework */,
			);
			name = Frameworks;
			sourceTree = "<group>";
		};
		E2E2368815E928AA00110A13 /* Edu4Kids */ = {
			isa = PBXGroup;
			children = (
				477815A715F4D9B8009B8A1B /* Resources */,
				E23704ED15EE6A3F00CF7A8D /* Model */,
				E23704DB15EE5FD500CF7A8D /* ViewControllers */,
				E23704D915EE5EE200CF7A8D /* Views */,
				E2E2369F15E93B7500110A13 /* Utilities */,
				E2E2369115E928AA00110A13 /* AppDelegate.h */,
				E2E2369215E928AA00110A13 /* AppDelegate.m */,
				E2E2369415E928AA00110A13 /* Edu4Kids.xcdatamodeld */,
				E2E2368915E928AA00110A13 /* Supporting Files */,
			);
			path = Edu4Kids;
			sourceTree = "<group>";
		};
		E2E2368915E928AA00110A13 /* Supporting Files */ = {
			isa = PBXGroup;
			children = (
				E2E2368A15E928AA00110A13 /* Edu4Kids-Info.plist */,
				E2E2368B15E928AA00110A13 /* InfoPlist.strings */,
				E2E2368E15E928AA00110A13 /* main.m */,
				E2E2369015E928AA00110A13 /* Edu4Kids-Prefix.pch */,
				E2E236A415E93B8B00110A13 /* Localizable.strings */,
				477815F715F4E51D009B8A1B /* ProjectConstant.h */,
			);
			name = "Supporting Files";
			sourceTree = "<group>";
		};
		E2E2369F15E93B7500110A13 /* Utilities */ = {
			isa = PBXGroup;
			children = (
				477815FC15F4E583009B8A1B /* Utilities.h */,
				477815FD15F4E583009B8A1B /* Utilities.m */,
				477815FE15F4E5E4009B8A1B /* JSON */,
				477815B915F4E3D6009B8A1B /* Libraries */,
				E2E236A015E93B7500110A13 /* DatabaseManager */,
			);
			path = Utilities;
			sourceTree = "<group>";
		};
		E2E236A015E93B7500110A13 /* DatabaseManager */ = {
			isa = PBXGroup;
			children = (
				E2E236AA15E93CAF00110A13 /* DatabaseConnection.h */,
				E2E236AB15E93CAF00110A13 /* DatabaseConnection.m */,
				E2E236A715E93C3F00110A13 /* WISeFansWebServices.h */,
				E2E236A815E93C3F00110A13 /* WISeFansWebServices.m */,
			);
			path = DatabaseManager;
			sourceTree = "<group>";
		};
/* End PBXGroup section */

/* Begin PBXNativeTarget section */
		E2E2367B15E928AA00110A13 /* Edu4Kids */ = {
			isa = PBXNativeTarget;
			buildConfigurationList = E2E2369915E928AA00110A13 /* Build configuration list for PBXNativeTarget "Edu4Kids" */;
			buildPhases = (
				E2E2367815E928AA00110A13 /* Sources */,
				E2E2367915E928AA00110A13 /* Frameworks */,
				E2E2367A15E928AA00110A13 /* Resources */,
			);
			buildRules = (
			);
			dependencies = (
			);
			name = Edu4Kids;
			productName = Edu4Kids;
			productReference = E2E2367C15E928AA00110A13 /* Edu4Kids.app */;
			productType = "com.apple.product-type.application";
		};
/* End PBXNativeTarget section */

/* Begin PBXProject section */
		E2E2367315E928AA00110A13 /* Project object */ = {
			isa = PBXProject;
			attributes = {
				LastUpgradeCheck = 0420;
			};
			buildConfigurationList = E2E2367615E928AA00110A13 /* Build configuration list for PBXProject "Edu4Kids" */;
			compatibilityVersion = "Xcode 3.2";
			developmentRegion = English;
			hasScannedForEncodings = 0;
			knownRegions = (
				en,
			);
			mainGroup = E2E2367115E928AA00110A13;
			productRefGroup = E2E2367D15E928AA00110A13 /* Products */;
			projectDirPath = "";
			projectRoot = "";
			targets = (
				E2E2367B15E928AA00110A13 /* Edu4Kids */,
			);
		};
/* End PBXProject section */

/* Begin PBXResourcesBuildPhase section */
		E2E2367A15E928AA00110A13 /* Resources */ = {
			isa = PBXResourcesBuildPhase;
			buildActionMask = 2147483647;
			files = (
				E2E2368D15E928AA00110A13 /* InfoPlist.strings in Resources */,
				E2E236A615E93B8B00110A13 /* Localizable.strings in Resources */,
				E23704E215EE60C000CF7A8D /* HomeViewController.xib in Resources */,
				477815B215F4E2D5009B8A1B /* ipad2-welcom.jpg in Resources */,
				477815B315F4E2D5009B8A1B /* ipad3-welcom.jpg in Resources */,
				477815B415F4E2D5009B8A1B /* Lesson list.csv in Resources */,
				477815B615F4E2F3009B8A1B /* ipad2-welcom.png in Resources */,
				477815B815F4E2FE009B8A1B /* Default-Landscape~ipad.png in Resources */,
			);
			runOnlyForDeploymentPostprocessing = 0;
		};
/* End PBXResourcesBuildPhase section */

/* Begin PBXSourcesBuildPhase section */
		E2E2367815E928AA00110A13 /* Sources */ = {
			isa = PBXSourcesBuildPhase;
			buildActionMask = 2147483647;
			files = (
				E2E2368F15E928AA00110A13 /* main.m in Sources */,
				E2E2369315E928AA00110A13 /* AppDelegate.m in Sources */,
				E2E2369615E928AA00110A13 /* Edu4Kids.xcdatamodeld in Sources */,
				E2E236A915E93C3F00110A13 /* WISeFansWebServices.m in Sources */,
				E2E236AC15E93CAF00110A13 /* DatabaseConnection.m in Sources */,
				E23704DF15EE609000CF7A8D /* HomeViewController.m in Sources */,
				E23704EA15EE64C700CF7A8D /* GridViewCell.m in Sources */,
				E23704EB15EE64C700CF7A8D /* UIGridView.m in Sources */,
				E23704EC15EE64C700CF7A8D /* UIGridViewCell+DownloadImage.m in Sources */,
				E23704F015EE6B4700CF7A8D /* Lessons.m in Sources */,
				E23704F315EE7D7100CF7A8D /* UIGridViewController.m in Sources */,
				E23704F615EE899A00CF7A8D /* Answers.m in Sources */,
				E23704F915EE899A00CF7A8D /* Questions.m in Sources */,
				E23704FC15EE899A00CF7A8D /* ManagedLessons.m in Sources */,
				477815D115F4E3FD009B8A1B /* ASIAuthenticationDialog.m in Sources */,
				477815D215F4E3FD009B8A1B /* ASIDataCompressor.m in Sources */,
				477815D315F4E3FD009B8A1B /* ASIDataDecompressor.m in Sources */,
				477815D415F4E3FD009B8A1B /* ASIDownloadCache.m in Sources */,
				477815D515F4E3FD009B8A1B /* ASIFormDataRequest.m in Sources */,
				477815D615F4E3FD009B8A1B /* ASIHTTPRequest.m in Sources */,
				477815D715F4E3FD009B8A1B /* ASIInputStream.m in Sources */,
				477815D815F4E3FD009B8A1B /* ASINetworkQueue.m in Sources */,
				477815EF15F4E44E009B8A1B /* EGOCache.m in Sources */,
				477815F015F4E44E009B8A1B /* EGOImageButton.m in Sources */,
				477815F115F4E44E009B8A1B /* EGOImageLoadConnection.m in Sources */,
				477815F215F4E44E009B8A1B /* EGOImageLoader.m in Sources */,
				477815F315F4E44E009B8A1B /* CMCImageView.m in Sources */,
				477815F415F4E44E009B8A1B /* EGOImageView.m in Sources */,
				477815FB15F4E569009B8A1B /* Reachability.m in Sources */,
				4778160C15F4E5E4009B8A1B /* NSObject+SBJSON.m in Sources */,
				4778160D15F4E5E4009B8A1B /* NSString+SBJSON.m in Sources */,
				4778160E15F4E5E4009B8A1B /* SBJSON.m in Sources */,
				4778160F15F4E5E4009B8A1B /* SBJsonBase.m in Sources */,
				4778161015F4E5E4009B8A1B /* SBJsonParser.m in Sources */,
				4778161115F4E5E4009B8A1B /* SBJsonWriter.m in Sources */,
			);
			runOnlyForDeploymentPostprocessing = 0;
		};
/* End PBXSourcesBuildPhase section */

/* Begin PBXVariantGroup section */
		E2E2368B15E928AA00110A13 /* InfoPlist.strings */ = {
			isa = PBXVariantGroup;
			children = (
				E2E2368C15E928AA00110A13 /* en */,
			);
			name = InfoPlist.strings;
			sourceTree = "<group>";
		};
		E2E236A415E93B8B00110A13 /* Localizable.strings */ = {
			isa = PBXVariantGroup;
			children = (
				E2E236A515E93B8B00110A13 /* en */,
			);
			name = Localizable.strings;
			sourceTree = "<group>";
		};
/* End PBXVariantGroup section */

/* Begin XCBuildConfiguration section */
		E2E2369715E928AA00110A13 /* Debug */ = {
			isa = XCBuildConfiguration;
			buildSettings = {
				ALWAYS_SEARCH_USER_PATHS = NO;
				ARCHS = "$(ARCHS_STANDARD_32_BIT)";
				"CODE_SIGN_IDENTITY[sdk=iphoneos*]" = "iPhone Developer";
				COPY_PHASE_STRIP = NO;
				GCC_C_LANGUAGE_STANDARD = gnu99;
				GCC_DYNAMIC_NO_PIC = NO;
				GCC_OPTIMIZATION_LEVEL = 0;
				GCC_PREPROCESSOR_DEFINITIONS = (
					"DEBUG=1",
					"$(inherited)",
				);
				GCC_SYMBOLS_PRIVATE_EXTERN = NO;
				GCC_VERSION = com.apple.compilers.llvm.clang.1_0;
				GCC_WARN_ABOUT_MISSING_PROTOTYPES = YES;
				GCC_WARN_ABOUT_RETURN_TYPE = YES;
				GCC_WARN_UNUSED_VARIABLE = YES;
				IPHONEOS_DEPLOYMENT_TARGET = 4.0;
				SDKROOT = iphoneos;
				TARGETED_DEVICE_FAMILY = 2;
			};
			name = Debug;
		};
		E2E2369815E928AA00110A13 /* Release */ = {
			isa = XCBuildConfiguration;
			buildSettings = {
				ALWAYS_SEARCH_USER_PATHS = NO;
				ARCHS = "$(ARCHS_STANDARD_32_BIT)";
				"CODE_SIGN_IDENTITY[sdk=iphoneos*]" = "iPhone Developer";
				COPY_PHASE_STRIP = YES;
				GCC_C_LANGUAGE_STANDARD = gnu99;
				GCC_VERSION = com.apple.compilers.llvm.clang.1_0;
				GCC_WARN_ABOUT_MISSING_PROTOTYPES = YES;
				GCC_WARN_ABOUT_RETURN_TYPE = YES;
				GCC_WARN_UNUSED_VARIABLE = YES;
				IPHONEOS_DEPLOYMENT_TARGET = 4.0;
				OTHER_CFLAGS = "-DNS_BLOCK_ASSERTIONS=1";
				SDKROOT = iphoneos;
				TARGETED_DEVICE_FAMILY = 2;
				VALIDATE_PRODUCT = YES;
			};
			name = Release;
		};
		E2E2369A15E928AA00110A13 /* Debug */ = {
			isa = XCBuildConfiguration;
			buildSettings = {
				GCC_PRECOMPILE_PREFIX_HEADER = YES;
				GCC_PREFIX_HEADER = "Edu4Kids/Edu4Kids-Prefix.pch";
				INFOPLIST_FILE = "Edu4Kids/Edu4Kids-Info.plist";
				IPHONEOS_DEPLOYMENT_TARGET = 4.0;
				LIBRARY_SEARCH_PATHS = (
					"$(inherited)",
					"\"$(SDKROOT)/usr/lib/system\"",
				);
				PRODUCT_NAME = "$(TARGET_NAME)";
				WRAPPER_EXTENSION = app;
			};
			name = Debug;
		};
		E2E2369B15E928AA00110A13 /* Release */ = {
			isa = XCBuildConfiguration;
			buildSettings = {
				GCC_PRECOMPILE_PREFIX_HEADER = YES;
				GCC_PREFIX_HEADER = "Edu4Kids/Edu4Kids-Prefix.pch";
				INFOPLIST_FILE = "Edu4Kids/Edu4Kids-Info.plist";
				IPHONEOS_DEPLOYMENT_TARGET = 4.0;
				LIBRARY_SEARCH_PATHS = (
					"$(inherited)",
					"\"$(SDKROOT)/usr/lib/system\"",
				);
				PRODUCT_NAME = "$(TARGET_NAME)";
				WRAPPER_EXTENSION = app;
			};
			name = Release;
		};
/* End XCBuildConfiguration section */

/* Begin XCConfigurationList section */
		E2E2367615E928AA00110A13 /* Build configuration list for PBXProject "Edu4Kids" */ = {
			isa = XCConfigurationList;
			buildConfigurations = (
				E2E2369715E928AA00110A13 /* Debug */,
				E2E2369815E928AA00110A13 /* Release */,
			);
			defaultConfigurationIsVisible = 0;
			defaultConfigurationName = Release;
		};
		E2E2369915E928AA00110A13 /* Build configuration list for PBXNativeTarget "Edu4Kids" */ = {
			isa = XCConfigurationList;
			buildConfigurations = (
				E2E2369A15E928AA00110A13 /* Debug */,
				E2E2369B15E928AA00110A13 /* Release */,
			);
			defaultConfigurationIsVisible = 0;
			defaultConfigurationName = Release;
		};
/* End XCConfigurationList section */

/* Begin XCVersionGroup section */
		E2E2369415E928AA00110A13 /* Edu4Kids.xcdatamodeld */ = {
			isa = XCVersionGroup;
			children = (
				E2E2369515E928AA00110A13 /* Edu4Kids.xcdatamodel */,
			);
			currentVersion = E2E2369515E928AA00110A13 /* Edu4Kids.xcdatamodel */;
			path = Edu4Kids.xcdatamodeld;
			sourceTree = "<group>";
			versionGroupType = wrapper.xcdatamodel;
		};
/* End XCVersionGroup section */
	};
	rootObject = E2E2367315E928AA00110A13 /* Project object */;
}
